
Microsoft Visual Studio Solution File, Format Version 12.00
# Visual Studio Version 17
VisualStudioVersion = 17.8.34322.80
MinimumVisualStudioVersion = 10.0.40219.1
Project("{FAE04EC0-301F-11D3-BF4B-00C04F79EFBC}") = "IndexerDemo", "IndexerDemo\IndexerDemo.csproj", "{AB674057-2869-4B3C-BC7D-34BF85F17F3D}"
EndProject
Project("{FAE04EC0-301F-11D3-BF4B-00C04F79EFBC}") = "StaticDemo", "StaticDemo\StaticDemo.csproj", "{1DB85326-D77F-48D5-892A-7A2B1271CE4F}"
EndProject
Global
	GlobalSection(SolutionConfigurationPlatforms) = preSolution
		Debug|Any CPU = Debug|Any CPU
		Release|Any CPU = Release|Any CPU
	EndGlobalSection
	GlobalSection(ProjectConfigurationPlatforms) = postSolution
		{AB674057-2869-4B3C-BC7D-34BF85F17F3D}.Debug|Any CPU.ActiveCfg = Debug|Any CPU
		{AB674057-2869-4B3C-BC7D-34BF85F17F3D}.Debug|Any CPU.Build.0 = Debug|Any CPU
		{AB674057-2869-4B3C-BC7D-34BF85F17F3D}.Release|Any CPU.ActiveCfg = Release|Any CPU
		{AB674057-2869-4B3C-BC7D-34BF85F17F3D}.Release|Any CPU.Build.0 = Release|Any CPU
		{1DB85326-D77F-48D5-892A-7A2B1271CE4F}.Debug|Any CPU.ActiveCfg = Debug|Any CPU
		{1DB85326-D77F-48D5-892A-7A2B1271CE4F}.Debug|Any CPU.Build.0 = Debug|Any CPU
		{1DB85326-D77F-48D5-892A-7A2B1271CE4F}.Release|Any CPU.ActiveCfg = Release|Any CPU
		{1DB85326-D77F-48D5-892A-7A2B1271CE4F}.Release|Any CPU.Build.0 = Release|Any CPU
	EndGlobalSection
	GlobalSection(SolutionProperties) = preSolution
		HideSolutionNode = FALSE
	EndGlobalSection
	GlobalSection(ExtensibilityGlobals) = postSolution
		SolutionGuid = {F84B8AA5-27BC-4E1A-9D1D-A93943CCC03C}
	EndGlobalSection
EndGlobal
